
Microsoft Visual Studio Solution File, Format Version 12.00
# Visual Studio Version 16
VisualStudioVersion = 16.0.29409.12
MinimumVisualStudioVersion = 10.0.40219.1
Project("{FAE04EC0-301F-11D3-BF4B-00C04F79EFBC}") = "LIssSpider", "LIssSpider.csproj", "{4398C070-FF2A-4EF3-A1AF-74AB5A0040B7}"
EndProject
Global
	GlobalSection(SolutionConfigurationPlatforms) = preSolution
		Debug|Any CPU = Debug|Any CPU
		Release|Any CPU = Release|Any CPU
	EndGlobalSection
	GlobalSection(ProjectConfigurationPlatforms) = postSolution
		{4398C070-FF2A-4EF3-A1AF-74AB5A0040B7}.Debug|Any CPU.ActiveCfg = Debug|Any CPU
		{4398C070-FF2A-4EF3-A1AF-74AB5A0040B7}.Debug|Any CPU.Build.0 = Debug|Any CPU
		{4398C070-FF2A-4EF3-A1AF-74AB5A0040B7}.Release|Any CPU.ActiveCfg = Release|Any CPU
		{4398C070-FF2A-4EF3-A1AF-74AB5A0040B7}.Release|Any CPU.Build.0 = Release|Any CPU
	EndGlobalSection
	GlobalSection(SolutionProperties) = preSolution
		HideSolutionNode = FALSE
	EndGlobalSection
	GlobalSection(ExtensibilityGlobals) = postSolution
		SolutionGuid = {40F4A3D3-5704-466B-B0E5-DAFB7E49F8EB}
	EndGlobalSection
EndGlobal
